id: malahit_malahit_control
label: Malahit DSP Control
category: '[Malahit]'

parameters: 
-   id: freq
    label: Frequency (Unit Hz)
    dtype: real
    default: '104300000'

inputs:
-   domain: message
    id: freq
    optional: true

templates:
    imports: 
        import malahit
    make: |-
        malahit.malahit_control()
        self.${id}.set_freq(${freq})

    callbacks:
    - set_freq(${freq})


documentation:

    This block wraps the Malahit DSP USB Serial control interface \
    into one convenient GNU Radio source block.

    The frequency is expressed in Unit Hz.

file_format: 1
